
Microsoft Visual Studio Solution File, Format Version 12.00
# Visual Studio 2013
VisualStudioVersion = 12.0.31101.0
MinimumVisualStudioVersion = 10.0.40219.1
Project("{FAE04EC0-301F-11D3-BF4B-00C04F79EFBC}") = "UserPolls", "UserPolls\UserPolls.csproj", "{55A450CC-BB49-4ACA-9C0A-A17B740A8613}"
EndProject
Project("{FAE04EC0-301F-11D3-BF4B-00C04F79EFBC}") = "UserPolls.DAL", "UserPolls.DAL\UserPolls.DAL.csproj", "{72603B8C-22E9-48DF-95B4-E1F70259638C}"
EndProject
Project("{FAE04EC0-301F-11D3-BF4B-00C04F79EFBC}") = "Utility", "Utility\Utility.csproj", "{B302E63F-53B4-42EC-B3BF-BFF49B312049}"
EndProject
Project("{FAE04EC0-301F-11D3-BF4B-00C04F79EFBC}") = "UserPolls.BOs", "UserPolls.BOs\UserPolls.BOs.csproj", "{915D93E4-474C-4E5D-BD37-87AAB80C84AE}"
EndProject
Project("{2150E333-8FDC-42A3-9474-1A3956D46DE8}") = "Db", "Db", "{120C216D-4915-4D28-8D18-9D898F0E8A45}"
EndProject
Project("{2150E333-8FDC-42A3-9474-1A3956D46DE8}") = "1-Tabls", "1-Tabls", "{5F987C8A-BC04-45C7-B2C8-9FB14F6A19C7}"
EndProject
Project("{2150E333-8FDC-42A3-9474-1A3956D46DE8}") = "2-AlterTables", "2-AlterTables", "{B0F5D839-857B-431B-971C-65A6915B3F86}"
EndProject
Project("{2150E333-8FDC-42A3-9474-1A3956D46DE8}") = "3-Functions", "3-Functions", "{3A91385E-651F-4B6D-BADD-742719356581}"
EndProject
Project("{2150E333-8FDC-42A3-9474-1A3956D46DE8}") = "4-Data", "4-Data", "{D89857DE-3D95-43B7-87DF-890619469215}"
EndProject
Project("{2150E333-8FDC-42A3-9474-1A3956D46DE8}") = "5-Sp", "5-Sp", "{62524198-729F-43FE-B412-D2B338D5F0C9}"
EndProject
Project("{2150E333-8FDC-42A3-9474-1A3956D46DE8}") = "6-Triggers", "6-Triggers", "{5AC20864-8E82-4C2A-AE4C-21F4309225D8}"
EndProject
Global
	GlobalSection(SolutionConfigurationPlatforms) = preSolution
		Debug|Any CPU = Debug|Any CPU
		Release|Any CPU = Release|Any CPU
	EndGlobalSection
	GlobalSection(ProjectConfigurationPlatforms) = postSolution
		{55A450CC-BB49-4ACA-9C0A-A17B740A8613}.Debug|Any CPU.ActiveCfg = Debug|Any CPU
		{55A450CC-BB49-4ACA-9C0A-A17B740A8613}.Debug|Any CPU.Build.0 = Debug|Any CPU
		{55A450CC-BB49-4ACA-9C0A-A17B740A8613}.Release|Any CPU.ActiveCfg = Release|Any CPU
		{55A450CC-BB49-4ACA-9C0A-A17B740A8613}.Release|Any CPU.Build.0 = Release|Any CPU
		{72603B8C-22E9-48DF-95B4-E1F70259638C}.Debug|Any CPU.ActiveCfg = Debug|Any CPU
		{72603B8C-22E9-48DF-95B4-E1F70259638C}.Debug|Any CPU.Build.0 = Debug|Any CPU
		{72603B8C-22E9-48DF-95B4-E1F70259638C}.Release|Any CPU.ActiveCfg = Release|Any CPU
		{72603B8C-22E9-48DF-95B4-E1F70259638C}.Release|Any CPU.Build.0 = Release|Any CPU
		{B302E63F-53B4-42EC-B3BF-BFF49B312049}.Debug|Any CPU.ActiveCfg = Debug|Any CPU
		{B302E63F-53B4-42EC-B3BF-BFF49B312049}.Debug|Any CPU.Build.0 = Debug|Any CPU
		{B302E63F-53B4-42EC-B3BF-BFF49B312049}.Release|Any CPU.ActiveCfg = Release|Any CPU
		{B302E63F-53B4-42EC-B3BF-BFF49B312049}.Release|Any CPU.Build.0 = Release|Any CPU
		{915D93E4-474C-4E5D-BD37-87AAB80C84AE}.Debug|Any CPU.ActiveCfg = Debug|Any CPU
		{915D93E4-474C-4E5D-BD37-87AAB80C84AE}.Debug|Any CPU.Build.0 = Debug|Any CPU
		{915D93E4-474C-4E5D-BD37-87AAB80C84AE}.Release|Any CPU.ActiveCfg = Release|Any CPU
		{915D93E4-474C-4E5D-BD37-87AAB80C84AE}.Release|Any CPU.Build.0 = Release|Any CPU
	EndGlobalSection
	GlobalSection(SolutionProperties) = preSolution
		HideSolutionNode = FALSE
	EndGlobalSection
	GlobalSection(NestedProjects) = preSolution
		{5F987C8A-BC04-45C7-B2C8-9FB14F6A19C7} = {120C216D-4915-4D28-8D18-9D898F0E8A45}
		{B0F5D839-857B-431B-971C-65A6915B3F86} = {120C216D-4915-4D28-8D18-9D898F0E8A45}
		{3A91385E-651F-4B6D-BADD-742719356581} = {120C216D-4915-4D28-8D18-9D898F0E8A45}
		{D89857DE-3D95-43B7-87DF-890619469215} = {120C216D-4915-4D28-8D18-9D898F0E8A45}
		{62524198-729F-43FE-B412-D2B338D5F0C9} = {120C216D-4915-4D28-8D18-9D898F0E8A45}
		{5AC20864-8E82-4C2A-AE4C-21F4309225D8} = {120C216D-4915-4D28-8D18-9D898F0E8A45}
	EndGlobalSection
EndGlobal
